
Microsoft Visual Studio Solution File, Format Version 12.00
# Visual Studio 15
VisualStudioVersion = 15.0.26124.0
MinimumVisualStudioVersion = 15.0.26124.0
Project("{FAE04EC0-301F-11D3-BF4B-00C04F79EFBC}") = "DiagramService", "DiagramService\DiagramService.csproj", "{7A591C0C-7D8A-4ACD-949B-377C4E387FD9}"
EndProject
Project("{FAE04EC0-301F-11D3-BF4B-00C04F79EFBC}") = "DiagramService.Tests", "DiagramService.Tests\DiagramService.Tests.csproj", "{CFB8D628-B8AB-4A51-B136-28F559464511}"
EndProject
Project("{FAE04EC0-301F-11D3-BF4B-00C04F79EFBC}") = "DiagramAPI", "DiagramAPI\DiagramAPI.csproj", "{69F788DE-F943-400B-A288-E4F72C3FE12D}"
EndProject
Global
	GlobalSection(SolutionConfigurationPlatforms) = preSolution
		Debug|Any CPU = Debug|Any CPU
		Debug|x64 = Debug|x64
		Debug|x86 = Debug|x86
		Release|Any CPU = Release|Any CPU
		Release|x64 = Release|x64
		Release|x86 = Release|x86
	EndGlobalSection
	GlobalSection(SolutionProperties) = preSolution
		HideSolutionNode = FALSE
	EndGlobalSection
	GlobalSection(ProjectConfigurationPlatforms) = postSolution
		{7A591C0C-7D8A-4ACD-949B-377C4E387FD9}.Debug|Any CPU.ActiveCfg = Debug|Any CPU
		{7A591C0C-7D8A-4ACD-949B-377C4E387FD9}.Debug|Any CPU.Build.0 = Debug|Any CPU
		{7A591C0C-7D8A-4ACD-949B-377C4E387FD9}.Debug|x64.ActiveCfg = Debug|Any CPU
		{7A591C0C-7D8A-4ACD-949B-377C4E387FD9}.Debug|x64.Build.0 = Debug|Any CPU
		{7A591C0C-7D8A-4ACD-949B-377C4E387FD9}.Debug|x86.ActiveCfg = Debug|Any CPU
		{7A591C0C-7D8A-4ACD-949B-377C4E387FD9}.Debug|x86.Build.0 = Debug|Any CPU
		{7A591C0C-7D8A-4ACD-949B-377C4E387FD9}.Release|Any CPU.ActiveCfg = Release|Any CPU
		{7A591C0C-7D8A-4ACD-949B-377C4E387FD9}.Release|Any CPU.Build.0 = Release|Any CPU
		{7A591C0C-7D8A-4ACD-949B-377C4E387FD9}.Release|x64.ActiveCfg = Release|Any CPU
		{7A591C0C-7D8A-4ACD-949B-377C4E387FD9}.Release|x64.Build.0 = Release|Any CPU
		{7A591C0C-7D8A-4ACD-949B-377C4E387FD9}.Release|x86.ActiveCfg = Release|Any CPU
		{7A591C0C-7D8A-4ACD-949B-377C4E387FD9}.Release|x86.Build.0 = Release|Any CPU
		{CFB8D628-B8AB-4A51-B136-28F559464511}.Debug|Any CPU.ActiveCfg = Debug|Any CPU
		{CFB8D628-B8AB-4A51-B136-28F559464511}.Debug|Any CPU.Build.0 = Debug|Any CPU
		{CFB8D628-B8AB-4A51-B136-28F559464511}.Debug|x64.ActiveCfg = Debug|Any CPU
		{CFB8D628-B8AB-4A51-B136-28F559464511}.Debug|x64.Build.0 = Debug|Any CPU
		{CFB8D628-B8AB-4A51-B136-28F559464511}.Debug|x86.ActiveCfg = Debug|Any CPU
		{CFB8D628-B8AB-4A51-B136-28F559464511}.Debug|x86.Build.0 = Debug|Any CPU
		{CFB8D628-B8AB-4A51-B136-28F559464511}.Release|Any CPU.ActiveCfg = Release|Any CPU
		{CFB8D628-B8AB-4A51-B136-28F559464511}.Release|Any CPU.Build.0 = Release|Any CPU
		{CFB8D628-B8AB-4A51-B136-28F559464511}.Release|x64.ActiveCfg = Release|Any CPU
		{CFB8D628-B8AB-4A51-B136-28F559464511}.Release|x64.Build.0 = Release|Any CPU
		{CFB8D628-B8AB-4A51-B136-28F559464511}.Release|x86.ActiveCfg = Release|Any CPU
		{CFB8D628-B8AB-4A51-B136-28F559464511}.Release|x86.Build.0 = Release|Any CPU
		{69F788DE-F943-400B-A288-E4F72C3FE12D}.Debug|Any CPU.ActiveCfg = Debug|Any CPU
		{69F788DE-F943-400B-A288-E4F72C3FE12D}.Debug|Any CPU.Build.0 = Debug|Any CPU
		{69F788DE-F943-400B-A288-E4F72C3FE12D}.Debug|x64.ActiveCfg = Debug|Any CPU
		{69F788DE-F943-400B-A288-E4F72C3FE12D}.Debug|x64.Build.0 = Debug|Any CPU
		{69F788DE-F943-400B-A288-E4F72C3FE12D}.Debug|x86.ActiveCfg = Debug|Any CPU
		{69F788DE-F943-400B-A288-E4F72C3FE12D}.Debug|x86.Build.0 = Debug|Any CPU
		{69F788DE-F943-400B-A288-E4F72C3FE12D}.Release|Any CPU.ActiveCfg = Release|Any CPU
		{69F788DE-F943-400B-A288-E4F72C3FE12D}.Release|Any CPU.Build.0 = Release|Any CPU
		{69F788DE-F943-400B-A288-E4F72C3FE12D}.Release|x64.ActiveCfg = Release|Any CPU
		{69F788DE-F943-400B-A288-E4F72C3FE12D}.Release|x64.Build.0 = Release|Any CPU
		{69F788DE-F943-400B-A288-E4F72C3FE12D}.Release|x86.ActiveCfg = Release|Any CPU
		{69F788DE-F943-400B-A288-E4F72C3FE12D}.Release|x86.Build.0 = Release|Any CPU
	EndGlobalSection
EndGlobal
